
Microsoft Visual Studio Solution File, Format Version 12.00
# Visual Studio Version 16
VisualStudioVersion = 16.0.30517.126
MinimumVisualStudioVersion = 10.0.40219.1
Project("{9A19103F-16F7-4668-BE54-9A1E7A4F7556}") = "MiCarpeta.Document.Presentation", "MiCarpeta.Document.Presentation.csproj", "{6A26D474-B451-45F0-BB11-034B4F84F407}"
EndProject
Project("{9A19103F-16F7-4668-BE54-9A1E7A4F7556}") = "MiCarpeta.Document.Application", "..\MiCarpeta.Document.Application\MiCarpeta.Document.Application.csproj", "{E4A6A09B-9F56-45F0-80BD-37F0F2874783}"
EndProject
Project("{9A19103F-16F7-4668-BE54-9A1E7A4F7556}") = "MiCarpeta.Document.Domain", "..\MiCarpeta.Document.Domain\MiCarpeta.Document.Domain.csproj", "{E35B3E6B-AB0C-4521-8C37-EFE8AE276F96}"
EndProject
Project("{9A19103F-16F7-4668-BE54-9A1E7A4F7556}") = "MiCarpeta.Document.Domain.Entities", "..\MiCarpeta.Document.Domain.Entities\MiCarpeta.Document.Domain.Entities.csproj", "{8BF0BE8B-8F49-4D33-BB0E-A84727B9868B}"
EndProject
Project("{9A19103F-16F7-4668-BE54-9A1E7A4F7556}") = "MiCarpeta.Document.Common", "..\MiCarpeta.Document.Common\MiCarpeta.Document.Common.csproj", "{852B213F-1BAB-4DCB-9849-91B36531ED67}"
EndProject
Project("{9A19103F-16F7-4668-BE54-9A1E7A4F7556}") = "MiCarpeta.Document.Repository", "..\MiCarpeta.Document.Repository\MiCarpeta.Document.Repository.csproj", "{D53F4186-E5BD-4A5B-97A1-1EB9702A35C5}"
EndProject
Project("{E53339B2-1760-4266-BCC7-CA923CBCF16C}") = "docker-compose", "..\docker-compose.dcproj", "{30D89A60-BD85-43D1-8EFE-6F51ED35B55E}"
EndProject
Global
	GlobalSection(SolutionConfigurationPlatforms) = preSolution
		Debug|Any CPU = Debug|Any CPU
		Release|Any CPU = Release|Any CPU
	EndGlobalSection
	GlobalSection(ProjectConfigurationPlatforms) = postSolution
		{6A26D474-B451-45F0-BB11-034B4F84F407}.Debug|Any CPU.ActiveCfg = Debug|Any CPU
		{6A26D474-B451-45F0-BB11-034B4F84F407}.Debug|Any CPU.Build.0 = Debug|Any CPU
		{6A26D474-B451-45F0-BB11-034B4F84F407}.Release|Any CPU.ActiveCfg = Release|Any CPU
		{6A26D474-B451-45F0-BB11-034B4F84F407}.Release|Any CPU.Build.0 = Release|Any CPU
		{E4A6A09B-9F56-45F0-80BD-37F0F2874783}.Debug|Any CPU.ActiveCfg = Debug|Any CPU
		{E4A6A09B-9F56-45F0-80BD-37F0F2874783}.Debug|Any CPU.Build.0 = Debug|Any CPU
		{E4A6A09B-9F56-45F0-80BD-37F0F2874783}.Release|Any CPU.ActiveCfg = Release|Any CPU
		{E4A6A09B-9F56-45F0-80BD-37F0F2874783}.Release|Any CPU.Build.0 = Release|Any CPU
		{E35B3E6B-AB0C-4521-8C37-EFE8AE276F96}.Debug|Any CPU.ActiveCfg = Debug|Any CPU
		{E35B3E6B-AB0C-4521-8C37-EFE8AE276F96}.Debug|Any CPU.Build.0 = Debug|Any CPU
		{E35B3E6B-AB0C-4521-8C37-EFE8AE276F96}.Release|Any CPU.ActiveCfg = Release|Any CPU
		{E35B3E6B-AB0C-4521-8C37-EFE8AE276F96}.Release|Any CPU.Build.0 = Release|Any CPU
		{8BF0BE8B-8F49-4D33-BB0E-A84727B9868B}.Debug|Any CPU.ActiveCfg = Debug|Any CPU
		{8BF0BE8B-8F49-4D33-BB0E-A84727B9868B}.Debug|Any CPU.Build.0 = Debug|Any CPU
		{8BF0BE8B-8F49-4D33-BB0E-A84727B9868B}.Release|Any CPU.ActiveCfg = Release|Any CPU
		{8BF0BE8B-8F49-4D33-BB0E-A84727B9868B}.Release|Any CPU.Build.0 = Release|Any CPU
		{852B213F-1BAB-4DCB-9849-91B36531ED67}.Debug|Any CPU.ActiveCfg = Debug|Any CPU
		{852B213F-1BAB-4DCB-9849-91B36531ED67}.Debug|Any CPU.Build.0 = Debug|Any CPU
		{852B213F-1BAB-4DCB-9849-91B36531ED67}.Release|Any CPU.ActiveCfg = Release|Any CPU
		{852B213F-1BAB-4DCB-9849-91B36531ED67}.Release|Any CPU.Build.0 = Release|Any CPU
		{D53F4186-E5BD-4A5B-97A1-1EB9702A35C5}.Debug|Any CPU.ActiveCfg = Debug|Any CPU
		{D53F4186-E5BD-4A5B-97A1-1EB9702A35C5}.Debug|Any CPU.Build.0 = Debug|Any CPU
		{D53F4186-E5BD-4A5B-97A1-1EB9702A35C5}.Release|Any CPU.ActiveCfg = Release|Any CPU
		{D53F4186-E5BD-4A5B-97A1-1EB9702A35C5}.Release|Any CPU.Build.0 = Release|Any CPU
		{30D89A60-BD85-43D1-8EFE-6F51ED35B55E}.Debug|Any CPU.ActiveCfg = Debug|Any CPU
		{30D89A60-BD85-43D1-8EFE-6F51ED35B55E}.Debug|Any CPU.Build.0 = Debug|Any CPU
		{30D89A60-BD85-43D1-8EFE-6F51ED35B55E}.Release|Any CPU.ActiveCfg = Release|Any CPU
		{30D89A60-BD85-43D1-8EFE-6F51ED35B55E}.Release|Any CPU.Build.0 = Release|Any CPU
	EndGlobalSection
	GlobalSection(SolutionProperties) = preSolution
		HideSolutionNode = FALSE
	EndGlobalSection
	GlobalSection(ExtensibilityGlobals) = postSolution
		SolutionGuid = {C78A207C-D5AB-4879-8FC6-CCDF3C10DD1C}
	EndGlobalSection
EndGlobal
